
Microsoft Visual Studio Solution File, Format Version 12.00
# Visual Studio 15
VisualStudioVersion = 15.0.27703.2035
MinimumVisualStudioVersion = 10.0.40219.1
Project("{FAE04EC0-301F-11D3-BF4B-00C04F79EFBC}") = "BH.CyberQRiber.IdentityServer", "BH.CyberQRiber.IdentityServer\BH.CyberQRiber.IdentityServer.csproj", "{7232CCC0-D76D-401D-A9E2-30C2D312A7B3}"
EndProject
Global
	GlobalSection(SolutionConfigurationPlatforms) = preSolution
		Debug|Any CPU = Debug|Any CPU
		Release|Any CPU = Release|Any CPU
	EndGlobalSection
	GlobalSection(ProjectConfigurationPlatforms) = postSolution
		{7232CCC0-D76D-401D-A9E2-30C2D312A7B3}.Debug|Any CPU.ActiveCfg = Debug|Any CPU
		{7232CCC0-D76D-401D-A9E2-30C2D312A7B3}.Debug|Any CPU.Build.0 = Debug|Any CPU
		{7232CCC0-D76D-401D-A9E2-30C2D312A7B3}.Release|Any CPU.ActiveCfg = Release|Any CPU
		{7232CCC0-D76D-401D-A9E2-30C2D312A7B3}.Release|Any CPU.Build.0 = Release|Any CPU
	EndGlobalSection
	GlobalSection(SolutionProperties) = preSolution
		HideSolutionNode = FALSE
	EndGlobalSection
	GlobalSection(ExtensibilityGlobals) = postSolution
		SolutionGuid = {60764F0C-046E-473E-B7DA-DAA2AF89C103}
	EndGlobalSection
EndGlobal
